// !$*UTF8*$!
{
	archiveVersion = 1;
	classes = {
	};
	objectVersion = 77;
	objects = {

/* Begin PBXContainerItemProxy section */
		8CE3B1D62E26AC710057432D /* PBXContainerItemProxy */ = {
			isa = PBXContainerItemProxy;
			containerPortal = 8CE3B1BD2E26AC6E0057432D /* Project object */;
			proxyType = 1;
			remoteGlobalIDString = 8CE3B1C42E26AC6E0057432D;
			remoteInfo = BeRealDemo;
		};
		8CE3B1E02E26AC710057432D /* PBXContainerItemProxy */ = {
			isa = PBXContainerItemProxy;
			containerPortal = 8CE3B1BD2E26AC6E0057432D /* Project object */;
			proxyType = 1;
			remoteGlobalIDString = 8CE3B1C42E26AC6E0057432D;
			remoteInfo = BeRealDemo;
		};
/* End PBXContainerItemProxy section */

/* Begin PBXFileReference section */
		8CE3B1C52E26AC6E0057432D /* BeRealDemo.app */ = {isa = PBXFileReference; explicitFileType = wrapper.application; includeInIndex = 0; path = BeRealDemo.app; sourceTree = BUILT_PRODUCTS_DIR; };
		8CE3B1D52E26AC710057432D /* BeRealDemoTests.xctest */ = {isa = PBXFileReference; explicitFileType = wrapper.cfbundle; includeInIndex = 0; path = BeRealDemoTests.xctest; sourceTree = BUILT_PRODUCTS_DIR; };
		8CE3B1DF2E26AC710057432D /* BeRealDemoUITests.xctest */ = {isa = PBXFileReference; explicitFileType = wrapper.cfbundle; includeInIndex = 0; path = BeRealDemoUITests.xctest; sourceTree = BUILT_PRODUCTS_DIR; };
/* End PBXFileReference section */

/* Begin PBXFileSystemSynchronizedRootGroup section */
		8CE3B1C72E26AC6E0057432D /* BeRealDemo */ = {
			isa = PBXFileSystemSynchronizedRootGroup;
			path = BeRealDemo;
			sourceTree = "<group>";
		};
		8CE3B1D82E26AC710057432D /* BeRealDemoTests */ = {
			isa = PBXFileSystemSynchronizedRootGroup;
			path = BeRealDemoTests;
			sourceTree = "<group>";
		};
		8CE3B1E22E26AC710057432D /* BeRealDemoUITests */ = {
			isa = PBXFileSystemSynchronizedRootGroup;
			path = BeRealDemoUITests;
			sourceTree = "<group>";
		};
/* End PBXFileSystemSynchronizedRootGroup section */

/* Begin PBXFrameworksBuildPhase section */
		8CE3B1C22E26AC6E0057432D /* Frameworks */ = {
			isa = PBXFrameworksBuildPhase;
			buildActionMask = 2147483647;
			files = (
			);
			runOnlyForDeploymentPostprocessing = 0;
		};
		8CE3B1D22E26AC710057432D /* Frameworks */ = {
			isa = PBXFrameworksBuildPhase;
			buildActionMask = 2147483647;
			files = (
			);
			runOnlyForDeploymentPostprocessing = 0;
		};
		8CE3B1DC2E26AC710057432D /* Frameworks */ = {
			isa = PBXFrameworksBuildPhase;
			buildActionMask = 2147483647;
			files = (
			);
			runOnlyForDeploymentPostprocessing = 0;
		};
/* End PBXFrameworksBuildPhase section */

/* Begin PBXGroup section */
		8CE3B1BC2E26AC6E0057432D = {
			isa = PBXGroup;
			children = (
				8CE3B1C72E26AC6E0057432D /* BeRealDemo */,
				8CE3B1D82E26AC710057432D /* BeRealDemoTests */,
				8CE3B1E22E26AC710057432D /* BeRealDemoUITests */,
				8CE3B1C62E26AC6E0057432D /* Products */,
			);
			sourceTree = "<group>";
		};
		8CE3B1C62E26AC6E0057432D /* Products */ = {
			isa = PBXGroup;
			children = (
				8CE3B1C52E26AC6E0057432D /* BeRealDemo.app */,
				8CE3B1D52E26AC710057432D /* BeRealDemoTests.xctest */,
				8CE3B1DF2E26AC710057432D /* BeRealDemoUITests.xctest */,
			);
			name = Products;
			sourceTree = "<group>";
		};
/* End PBXGroup section */

/* Begin PBXNativeTarget section */
		8CE3B1C42E26AC6E0057432D /* BeRealDemo */ = {
			isa = PBXNativeTarget;
			buildConfigurationList = 8CE3B1E92E26AC710057432D /* Build configuration list for PBXNativeTarget "BeRealDemo" */;
			buildPhases = (
				8CE3B1C12E26AC6E0057432D /* Sources */,
				8CE3B1C22E26AC6E0057432D /* Frameworks */,
				8CE3B1C32E26AC6E0057432D /* Resources */,
			);
			buildRules = (
			);
			dependencies = (
			);
			fileSystemSynchronizedGroups = (
				8CE3B1C72E26AC6E0057432D /* BeRealDemo */,
			);
			name = BeRealDemo;
			packageProductDependencies = (
			);
			productName = BeRealDemo;
			productReference = 8CE3B1C52E26AC6E0057432D /* BeRealDemo.app */;
			productType = "com.apple.product-type.application";
		};
		8CE3B1D42E26AC710057432D /* BeRealDemoTests */ = {
			isa = PBXNativeTarget;
			buildConfigurationList = 8CE3B1EC2E26AC710057432D /* Build configuration list for PBXNativeTarget "BeRealDemoTests" */;
			buildPhases = (
				8CE3B1D12E26AC710057432D /* Sources */,
				8CE3B1D22E26AC710057432D /* Frameworks */,
				8CE3B1D32E26AC710057432D /* Resources */,
			);
			buildRules = (
			);
			dependencies = (
				8CE3B1D72E26AC710057432D /* PBXTargetDependency */,
			);
			fileSystemSynchronizedGroups = (
				8CE3B1D82E26AC710057432D /* BeRealDemoTests */,
			);
			name = BeRealDemoTests;
			packageProductDependencies = (
			);
			productName = BeRealDemoTests;
			productReference = 8CE3B1D52E26AC710057432D /* BeRealDemoTests.xctest */;
			productType = "com.apple.product-type.bundle.unit-test";
		};
		8CE3B1DE2E26AC710057432D /* BeRealDemoUITests */ = {
			isa = PBXNativeTarget;
			buildConfigurationList = 8CE3B1EF2E26AC710057432D /* Build configuration list for PBXNativeTarget "BeRealDemoUITests" */;
			buildPhases = (
				8CE3B1DB2E26AC710057432D /* Sources */,
				8CE3B1DC2E26AC710057432D /* Frameworks */,
				8CE3B1DD2E26AC710057432D /* Resources */,
			);
			buildRules = (
			);
			dependencies = (
				8CE3B1E12E26AC710057432D /* PBXTargetDependency */,
			);
			fileSystemSynchronizedGroups = (
				8CE3B1E22E26AC710057432D /* BeRealDemoUITests */,
			);
			name = BeRealDemoUITests;
			packageProductDependencies = (
			);
			productName = BeRealDemoUITests;
			productReference = 8CE3B1DF2E26AC710057432D /* BeRealDemoUITests.xctest */;
			productType = "com.apple.product-type.bundle.ui-testing";
		};
/* End PBXNativeTarget section */

/* Begin PBXProject section */
		8CE3B1BD2E26AC6E0057432D /* Project object */ = {
			isa = PBXProject;
			attributes = {
				BuildIndependentTargetsInParallel = 1;
				LastSwiftUpdateCheck = 1620;
				LastUpgradeCheck = 1620;
				TargetAttributes = {
					8CE3B1C42E26AC6E0057432D = {
						CreatedOnToolsVersion = 16.2;
					};
					8CE3B1D42E26AC710057432D = {
						CreatedOnToolsVersion = 16.2;
						TestTargetID = 8CE3B1C42E26AC6E0057432D;
					};
					8CE3B1DE2E26AC710057432D = {
						CreatedOnToolsVersion = 16.2;
						TestTargetID = 8CE3B1C42E26AC6E0057432D;
					};
				};
			};
			buildConfigurationList = 8CE3B1C02E26AC6E0057432D /* Build configuration list for PBXProject "BeRealDemo" */;
			developmentRegion = en;
			hasScannedForEncodings = 0;
			knownRegions = (
				en,
				Base,
			);
			mainGroup = 8CE3B1BC2E26AC6E0057432D;
			minimizedProjectReferenceProxies = 1;
			preferredProjectObjectVersion = 77;
			productRefGroup = 8CE3B1C62E26AC6E0057432D /* Products */;
			projectDirPath = "";
			projectRoot = "";
			targets = (
				8CE3B1C42E26AC6E0057432D /* BeRealDemo */,
				8CE3B1D42E26AC710057432D /* BeRealDemoTests */,
				8CE3B1DE2E26AC710057432D /* BeRealDemoUITests */,
			);
		};
/* End PBXProject section */

/* Begin PBXResourcesBuildPhase section */
		8CE3B1C32E26AC6E0057432D /* Resources */ = {
			isa = PBXResourcesBuildPhase;
			buildActionMask = 2147483647;
			files = (
			);
			runOnlyForDeploymentPostprocessing = 0;
		};
		8CE3B1D32E26AC710057432D /* Resources */ = {
			isa = PBXResourcesBuildPhase;
			buildActionMask = 2147483647;
			files = (
			);
			runOnlyForDeploymentPostprocessing = 0;
		};
		8CE3B1DD2E26AC710057432D /* Resources */ = {
			isa = PBXResourcesBuildPhase;
			buildActionMask = 2147483647;
			files = (
			);
			runOnlyForDeploymentPostprocessing = 0;
		};
/* End PBXResourcesBuildPhase section */

/* Begin PBXSourcesBuildPhase section */
		8CE3B1C12E26AC6E0057432D /* Sources */ = {
			isa = PBXSourcesBuildPhase;
			buildActionMask = 2147483647;
			files = (
			);
			runOnlyForDeploymentPostprocessing = 0;
		};
		8CE3B1D12E26AC710057432D /* Sources */ = {
			isa = PBXSourcesBuildPhase;
			buildActionMask = 2147483647;
			files = (
			);
			runOnlyForDeploymentPostprocessing = 0;
		};
		8CE3B1DB2E26AC710057432D /* Sources */ = {
			isa = PBXSourcesBuildPhase;
			buildActionMask = 2147483647;
			files = (
			);
			runOnlyForDeploymentPostprocessing = 0;
		};
/* End PBXSourcesBuildPhase section */

/* Begin PBXTargetDependency section */
		8CE3B1D72E26AC710057432D /* PBXTargetDependency */ = {
			isa = PBXTargetDependency;
			target = 8CE3B1C42E26AC6E0057432D /* BeRealDemo */;
			targetProxy = 8CE3B1D62E26AC710057432D /* PBXContainerItemProxy */;
		};
		8CE3B1E12E26AC710057432D /* PBXTargetDependency */ = {
			isa = PBXTargetDependency;
			target = 8CE3B1C42E26AC6E0057432D /* BeRealDemo */;
			targetProxy = 8CE3B1E02E26AC710057432D /* PBXContainerItemProxy */;
		};
/* End PBXTargetDependency section */

/* Begin XCBuildConfiguration section */
		8CE3B1E72E26AC710057432D /* Debug */ = {
			isa = XCBuildConfiguration;
			buildSettings = {
				ALWAYS_SEARCH_USER_PATHS = NO;
				ASSETCATALOG_COMPILER_GENERATE_SWIFT_ASSET_SYMBOL_EXTENSIONS = YES;
				CLANG_ANALYZER_NONNULL = YES;
				CLANG_ANALYZER_NUMBER_OBJECT_CONVERSION = YES_AGGRESSIVE;
				CLANG_CXX_LANGUAGE_STANDARD = "gnu++20";
				CLANG_ENABLE_MODULES = YES;
				CLANG_ENABLE_OBJC_ARC = YES;
				CLANG_ENABLE_OBJC_WEAK = YES;
				CLANG_WARN_BLOCK_CAPTURE_AUTORELEASING = YES;
				CLANG_WARN_BOOL_CONVERSION = YES;
				CLANG_WARN_COMMA = YES;
				CLANG_WARN_CONSTANT_CONVERSION = YES;
				CLANG_WARN_DEPRECATED_OBJC_IMPLEMENTATIONS = YES;
				CLANG_WARN_DIRECT_OBJC_ISA_USAGE = YES_ERROR;
				CLANG_WARN_DOCUMENTATION_COMMENTS = YES;
				CLANG_WARN_EMPTY_BODY = YES;
				CLANG_WARN_ENUM_CONVERSION = YES;
				CLANG_WARN_INFINITE_RECURSION = YES;
				CLANG_WARN_INT_CONVERSION = YES;
				CLANG_WARN_NON_LITERAL_NULL_CONVERSION = YES;
				CLANG_WARN_OBJC_IMPLICIT_RETAIN_SELF = YES;
				CLANG_WARN_OBJC_LITERAL_CONVERSION = YES;
				CLANG_WARN_OBJC_ROOT_CLASS = YES_ERROR;
				CLANG_WARN_QUOTED_INCLUDE_IN_FRAMEWORK_HEADER = YES;
				CLANG_WARN_RANGE_LOOP_ANALYSIS = YES;
				CLANG_WARN_STRICT_PROTOTYPES = YES;
				CLANG_WARN_SUSPICIOUS_MOVE = YES;
				CLANG_WARN_UNGUARDED_AVAILABILITY = YES_AGGRESSIVE;
				CLANG_WARN_UNREACHABLE_CODE = YES;
				CLANG_WARN__DUPLICATE_METHOD_MATCH = YES;
				COPY_PHASE_STRIP = NO;
				DEBUG_INFORMATION_FORMAT = dwarf;
				ENABLE_STRICT_OBJC_MSGSEND = YES;
				ENABLE_TESTABILITY = YES;
				ENABLE_USER_SCRIPT_SANDBOXING = YES;
				GCC_C_LANGUAGE_STANDARD = gnu17;
				GCC_DYNAMIC_NO_PIC = NO;
				GCC_NO_COMMON_BLOCKS = YES;
				GCC_OPTIMIZATION_LEVEL = 0;
				GCC_PREPROCESSOR_DEFINITIONS = (
					"DEBUG=1",
					"$(inherited)",
				);
				GCC_WARN_64_TO_32_BIT_CONVERSION = YES;
				GCC_WARN_ABOUT_RETURN_TYPE = YES_ERROR;
				GCC_WARN_UNDECLARED_SELECTOR = YES;
				GCC_WARN_UNINITIALIZED_AUTOS = YES_AGGRESSIVE;
				GCC_WARN_UNUSED_FUNCTION = YES;
				GCC_WARN_UNUSED_VARIABLE = YES;
				IPHONEOS_DEPLOYMENT_TARGET = 18.2;
				LOCALIZATION_PREFERS_STRING_CATALOGS = YES;
				MTL_ENABLE_DEBUG_INFO = INCLUDE_SOURCE;
				MTL_FAST_MATH = YES;
				ONLY_ACTIVE_ARCH = YES;
				SDKROOT = iphoneos;
				SWIFT_ACTIVE_COMPILATION_CONDITIONS = "DEBUG $(inherited)";
				SWIFT_OPTIMIZATION_LEVEL = "-Onone";
			};
			name = Debug;
		};
		8CE3B1E82E26AC710057432D /* Release */ = {
			isa = XCBuildConfiguration;
			buildSettings = {
				ALWAYS_SEARCH_USER_PATHS = NO;
				ASSETCATALOG_COMPILER_GENERATE_SWIFT_ASSET_SYMBOL_EXTENSIONS = YES;
				CLANG_ANALYZER_NONNULL = YES;
				CLANG_ANALYZER_NUMBER_OBJECT_CONVERSION = YES_AGGRESSIVE;
				CLANG_CXX_LANGUAGE_STANDARD = "gnu++20";
				CLANG_ENABLE_MODULES = YES;
				CLANG_ENABLE_OBJC_ARC = YES;
				CLANG_ENABLE_OBJC_WEAK = YES;
				CLANG_WARN_BLOCK_CAPTURE_AUTORELEASING = YES;
				CLANG_WARN_BOOL_CONVERSION = YES;
				CLANG_WARN_COMMA = YES;
				CLANG_WARN_CONSTANT_CONVERSION = YES;
				CLANG_WARN_DEPRECATED_OBJC_IMPLEMENTATIONS = YES;
				CLANG_WARN_DIRECT_OBJC_ISA_USAGE = YES_ERROR;
				CLANG_WARN_DOCUMENTATION_COMMENTS = YES;
				CLANG_WARN_EMPTY_BODY = YES;
				CLANG_WARN_ENUM_CONVERSION = YES;
				CLANG_WARN_INFINITE_RECURSION = YES;
				CLANG_WARN_INT_CONVERSION = YES;
				CLANG_WARN_NON_LITERAL_NULL_CONVERSION = YES;
				CLANG_WARN_OBJC_IMPLICIT_RETAIN_SELF = YES;
				CLANG_WARN_OBJC_LITERAL_CONVERSION = YES;
				CLANG_WARN_OBJC_ROOT_CLASS = YES_ERROR;
				CLANG_WARN_QUOTED_INCLUDE_IN_FRAMEWORK_HEADER = YES;
				CLANG_WARN_RANGE_LOOP_ANALYSIS = YES;
				CLANG_WARN_STRICT_PROTOTYPES = YES;
				CLANG_WARN_SUSPICIOUS_MOVE = YES;
				CLANG_WARN_UNGUARDED_AVAILABILITY = YES_AGGRESSIVE;
				CLANG_WARN_UNREACHABLE_CODE = YES;
				CLANG_WARN__DUPLICATE_METHOD_MATCH = YES;
				COPY_PHASE_STRIP = NO;
				DEBUG_INFORMATION_FORMAT = "dwarf-with-dsym";
				ENABLE_NS_ASSERTIONS = NO;
				ENABLE_STRICT_OBJC_MSGSEND = YES;
				ENABLE_USER_SCRIPT_SANDBOXING = YES;
				GCC_C_LANGUAGE_STANDARD = gnu17;
				GCC_NO_COMMON_BLOCKS = YES;
				GCC_WARN_64_TO_32_BIT_CONVERSION = YES;
				GCC_WARN_ABOUT_RETURN_TYPE = YES_ERROR;
				GCC_WARN_UNDECLARED_SELECTOR = YES;
				GCC_WARN_UNINITIALIZED_AUTOS = YES_AGGRESSIVE;
				GCC_WARN_UNUSED_FUNCTION = YES;
				GCC_WARN_UNUSED_VARIABLE = YES;
				IPHONEOS_DEPLOYMENT_TARGET = 18.2;
				LOCALIZATION_PREFERS_STRING_CATALOGS = YES;
				MTL_ENABLE_DEBUG_INFO = NO;
				MTL_FAST_MATH = YES;
				SDKROOT = iphoneos;
				SWIFT_COMPILATION_MODE = wholemodule;
				VALIDATE_PRODUCT = YES;
			};
			name = Release;
		};
		8CE3B1EA2E26AC710057432D /* Debug */ = {
			isa = XCBuildConfiguration;
			buildSettings = {
				ASSETCATALOG_COMPILER_APPICON_NAME = AppIcon;
				ASSETCATALOG_COMPILER_GLOBAL_ACCENT_COLOR_NAME = AccentColor;
				CODE_SIGN_STYLE = Automatic;
				CURRENT_PROJECT_VERSION = 1;
				DEVELOPMENT_ASSET_PATHS = "\"BeRealDemo/Preview Content\"";
				ENABLE_PREVIEWS = YES;
				GENERATE_INFOPLIST_FILE = YES;
				INFOPLIST_KEY_UIApplicationSceneManifest_Generation = YES;
				INFOPLIST_KEY_UIApplicationSupportsIndirectInputEvents = YES;
				INFOPLIST_KEY_UILaunchScreen_Generation = YES;
				INFOPLIST_KEY_UISupportedInterfaceOrientations_iPad = "UIInterfaceOrientationPortrait UIInterfaceOrientationPortraitUpsideDown UIInterfaceOrientationLandscapeLeft UIInterfaceOrientationLandscapeRight";
				INFOPLIST_KEY_UISupportedInterfaceOrientations_iPhone = "UIInterfaceOrientationPortrait UIInterfaceOrientationLandscapeLeft UIInterfaceOrientationLandscapeRight";
				LD_RUNPATH_SEARCH_PATHS = (
					"$(inherited)",
					"@executable_path/Frameworks",
				);
				MARKETING_VERSION = 1.0;
				PRODUCT_BUNDLE_IDENTIFIER = Demo.com.BeRealDemo;
				PRODUCT_NAME = "$(TARGET_NAME)";
				SWIFT_EMIT_LOC_STRINGS = YES;
				SWIFT_VERSION = 5.0;
				TARGETED_DEVICE_FAMILY = "1,2";
			};
			name = Debug;
		};
		8CE3B1EB2E26AC710057432D /* Release */ = {
			isa = XCBuildConfiguration;
			buildSettings = {
				ASSETCATALOG_COMPILER_APPICON_NAME = AppIcon;
				ASSETCATALOG_COMPILER_GLOBAL_ACCENT_COLOR_NAME = AccentColor;
				CODE_SIGN_STYLE = Automatic;
				CURRENT_PROJECT_VERSION = 1;
				DEVELOPMENT_ASSET_PATHS = "\"BeRealDemo/Preview Content\"";
				ENABLE_PREVIEWS = YES;
				GENERATE_INFOPLIST_FILE = YES;
				INFOPLIST_KEY_UIApplicationSceneManifest_Generation = YES;
				INFOPLIST_KEY_UIApplicationSupportsIndirectInputEvents = YES;
				INFOPLIST_KEY_UILaunchScreen_Generation = YES;
				INFOPLIST_KEY_UISupportedInterfaceOrientations_iPad = "UIInterfaceOrientationPortrait UIInterfaceOrientationPortraitUpsideDown UIInterfaceOrientationLandscapeLeft UIInterfaceOrientationLandscapeRight";
				INFOPLIST_KEY_UISupportedInterfaceOrientations_iPhone = "UIInterfaceOrientationPortrait UIInterfaceOrientationLandscapeLeft UIInterfaceOrientationLandscapeRight";
				LD_RUNPATH_SEARCH_PATHS = (
					"$(inherited)",
					"@executable_path/Frameworks",
				);
				MARKETING_VERSION = 1.0;
				PRODUCT_BUNDLE_IDENTIFIER = Demo.com.BeRealDemo;
				PRODUCT_NAME = "$(TARGET_NAME)";
				SWIFT_EMIT_LOC_STRINGS = YES;
				SWIFT_VERSION = 5.0;
				TARGETED_DEVICE_FAMILY = "1,2";
			};
			name = Release;
		};
		8CE3B1ED2E26AC710057432D /* Debug */ = {
			isa = XCBuildConfiguration;
			buildSettings = {
				BUNDLE_LOADER = "$(TEST_HOST)";
				CODE_SIGN_STYLE = Automatic;
				CURRENT_PROJECT_VERSION = 1;
				GENERATE_INFOPLIST_FILE = YES;
				IPHONEOS_DEPLOYMENT_TARGET = 18.2;
				MARKETING_VERSION = 1.0;
				PRODUCT_BUNDLE_IDENTIFIER = Demo.com.BeRealDemoTests;
				PRODUCT_NAME = "$(TARGET_NAME)";
				SWIFT_EMIT_LOC_STRINGS = NO;
				SWIFT_VERSION = 5.0;
				TARGETED_DEVICE_FAMILY = "1,2";
				TEST_HOST = "$(BUILT_PRODUCTS_DIR)/BeRealDemo.app/$(BUNDLE_EXECUTABLE_FOLDER_PATH)/BeRealDemo";
			};
			name = Debug;
		};
		8CE3B1EE2E26AC710057432D /* Release */ = {
			isa = XCBuildConfiguration;
			buildSettings = {
				BUNDLE_LOADER = "$(TEST_HOST)";
				CODE_SIGN_STYLE = Automatic;
				CURRENT_PROJECT_VERSION = 1;
				GENERATE_INFOPLIST_FILE = YES;
				IPHONEOS_DEPLOYMENT_TARGET = 18.2;
				MARKETING_VERSION = 1.0;
				PRODUCT_BUNDLE_IDENTIFIER = Demo.com.BeRealDemoTests;
				PRODUCT_NAME = "$(TARGET_NAME)";
				SWIFT_EMIT_LOC_STRINGS = NO;
				SWIFT_VERSION = 5.0;
				TARGETED_DEVICE_FAMILY = "1,2";
				TEST_HOST = "$(BUILT_PRODUCTS_DIR)/BeRealDemo.app/$(BUNDLE_EXECUTABLE_FOLDER_PATH)/BeRealDemo";
			};
			name = Release;
		};
		8CE3B1F02E26AC710057432D /* Debug */ = {
			isa = XCBuildConfiguration;
			buildSettings = {
				CODE_SIGN_STYLE = Automatic;
				CURRENT_PROJECT_VERSION = 1;
				GENERATE_INFOPLIST_FILE = YES;
				MARKETING_VERSION = 1.0;
				PRODUCT_BUNDLE_IDENTIFIER = Demo.com.BeRealDemoUITests;
				PRODUCT_NAME = "$(TARGET_NAME)";
				SWIFT_EMIT_LOC_STRINGS = NO;
				SWIFT_VERSION = 5.0;
				TARGETED_DEVICE_FAMILY = "1,2";
				TEST_TARGET_NAME = BeRealDemo;
			};
			name = Debug;
		};
		8CE3B1F12E26AC710057432D /* Release */ = {
			isa = XCBuildConfiguration;
			buildSettings = {
				CODE_SIGN_STYLE = Automatic;
				CURRENT_PROJECT_VERSION = 1;
				GENERATE_INFOPLIST_FILE = YES;
				MARKETING_VERSION = 1.0;
				PRODUCT_BUNDLE_IDENTIFIER = Demo.com.BeRealDemoUITests;
				PRODUCT_NAME = "$(TARGET_NAME)";
				SWIFT_EMIT_LOC_STRINGS = NO;
				SWIFT_VERSION = 5.0;
				TARGETED_DEVICE_FAMILY = "1,2";
				TEST_TARGET_NAME = BeRealDemo;
			};
			name = Release;
		};
/* End XCBuildConfiguration section */

/* Begin XCConfigurationList section */
		8CE3B1C02E26AC6E0057432D /* Build configuration list for PBXProject "BeRealDemo" */ = {
			isa = XCConfigurationList;
			buildConfigurations = (
				8CE3B1E72E26AC710057432D /* Debug */,
				8CE3B1E82E26AC710057432D /* Release */,
			);
			defaultConfigurationIsVisible = 0;
			defaultConfigurationName = Release;
		};
		8CE3B1E92E26AC710057432D /* Build configuration list for PBXNativeTarget "BeRealDemo" */ = {
			isa = XCConfigurationList;
			buildConfigurations = (
				8CE3B1EA2E26AC710057432D /* Debug */,
				8CE3B1EB2E26AC710057432D /* Release */,
			);
			defaultConfigurationIsVisible = 0;
			defaultConfigurationName = Release;
		};
		8CE3B1EC2E26AC710057432D /* Build configuration list for PBXNativeTarget "BeRealDemoTests" */ = {
			isa = XCConfigurationList;
			buildConfigurations = (
				8CE3B1ED2E26AC710057432D /* Debug */,
				8CE3B1EE2E26AC710057432D /* Release */,
			);
			defaultConfigurationIsVisible = 0;
			defaultConfigurationName = Release;
		};
		8CE3B1EF2E26AC710057432D /* Build configuration list for PBXNativeTarget "BeRealDemoUITests" */ = {
			isa = XCConfigurationList;
			buildConfigurations = (
				8CE3B1F02E26AC710057432D /* Debug */,
				8CE3B1F12E26AC710057432D /* Release */,
			);
			defaultConfigurationIsVisible = 0;
			defaultConfigurationName = Release;
		};
/* End XCConfigurationList section */
	};
	rootObject = 8CE3B1BD2E26AC6E0057432D /* Project object */;
}
